
Microsoft Visual Studio Solution File, Format Version 12.00
# Visual Studio Version 16
VisualStudioVersion = 16.0.31702.278
MinimumVisualStudioVersion = 10.0.40219.1
Project("{FAE04EC0-301F-11D3-BF4B-00C04F79EFBC}") = "CaseConverter", "CaseConverter\CaseConverter.csproj", "{BB78BB33-5B4A-4B3D-A854-DF2A888B0064}"
EndProject
Project("{FAE04EC0-301F-11D3-BF4B-00C04F79EFBC}") = "CaseConverter.Tests", "CaseConverter.Tests\CaseConverter.Tests.csproj", "{9ED478C6-0392-4F28-B3DD-D8669BD4E0ED}"
EndProject
Global
	GlobalSection(SolutionConfigurationPlatforms) = preSolution
		Debug|Any CPU = Debug|Any CPU
		Release|Any CPU = Release|Any CPU
	EndGlobalSection
	GlobalSection(ProjectConfigurationPlatforms) = postSolution
		{BB78BB33-5B4A-4B3D-A854-DF2A888B0064}.Debug|Any CPU.ActiveCfg = Debug|Any CPU
		{BB78BB33-5B4A-4B3D-A854-DF2A888B0064}.Debug|Any CPU.Build.0 = Debug|Any CPU
		{BB78BB33-5B4A-4B3D-A854-DF2A888B0064}.Release|Any CPU.ActiveCfg = Release|Any CPU
		{BB78BB33-5B4A-4B3D-A854-DF2A888B0064}.Release|Any CPU.Build.0 = Release|Any CPU
		{9ED478C6-0392-4F28-B3DD-D8669BD4E0ED}.Debug|Any CPU.ActiveCfg = Debug|Any CPU
		{9ED478C6-0392-4F28-B3DD-D8669BD4E0ED}.Debug|Any CPU.Build.0 = Debug|Any CPU
		{9ED478C6-0392-4F28-B3DD-D8669BD4E0ED}.Release|Any CPU.ActiveCfg = Release|Any CPU
		{9ED478C6-0392-4F28-B3DD-D8669BD4E0ED}.Release|Any CPU.Build.0 = Release|Any CPU
	EndGlobalSection
	GlobalSection(SolutionProperties) = preSolution
		HideSolutionNode = FALSE
	EndGlobalSection
	GlobalSection(ExtensibilityGlobals) = postSolution
		SolutionGuid = {6E79E7C2-2563-4EE5-BFC2-CCBD8E0A8D16}
	EndGlobalSection
EndGlobal
